<?xml version="1.0" encoding="utf-8"?>
<Project ToolsVersion="4.0" xmlns="http://schemas.microsoft.com/developer/msbuild/2003">
  <ItemGroup>
    <Filter Include="src">
      <UniqueIdentifier>{254791ed-2ec7-4757-8e7d-b42ea9fe70c1}</UniqueIdentifier>
    </Filter>
  </ItemGroup>
  <ItemGroup>
    <ClCompile Include="备忘录模式.cpp">
      <Filter>src</Filter>
    </ClCompile>
  </ItemGroup>
</Project>